{
  "name": "website-portfolio",
  "version": "1.0.0",
  "lockfileVersion": 2,
  "requires": true,
  "packages": {
    "": {
      "name": "website-portfolio",
      "version": "1.0.0",
      "license": "ISC",
      "dependencies": {
        "ityped": "^1.0.3"
      }
    },
    "node_modules/ityped": {
      "version": "1.0.3",
      "resolved": "https://registry.npmjs.org/ityped/-/ityped-1.0.3.tgz",
      "integrity": "sha512-46Qnh3qs+6EJlWDHmvWRW6qiz5jFy2mkh9UvtTvQmLJMZIjKrdz4du68le7hLX4tAWCp6QTKiq/OuLv6huHxZg=="
    }
  },
  "dependencies": {
    "ityped": {
      "version": "1.0.3",
      "resolved": "https://registry.npmjs.org/ityped/-/ityped-1.0.3.tgz",
      "integrity": "sha512-46Qnh3qs+6EJlWDHmvWRW6qiz5jFy2mkh9UvtTvQmLJMZIjKrdz4du68le7hLX4tAWCp6QTKiq/OuLv6huHxZg=="
    }
  }
}
